
Microsoft Visual Studio Solution File, Format Version 12.00
# Visual Studio Version 16
VisualStudioVersion = 16.0.31410.357
MinimumVisualStudioVersion = 10.0.40219.1
Project("{9A19103F-16F7-4668-BE54-9A1E7A4F7556}") = "BIEM", "BIEM.csproj", "{C6F4B800-7113-42EF-B417-7CAC814508E7}"
EndProject
Project("{9A19103F-16F7-4668-BE54-9A1E7A4F7556}") = "BIEM_WFA", "..\BIEM_WFA\BIEM_WFA.csproj", "{8880C08F-3EC8-4644-8C37-C64B8E0DD68D}"
EndProject
Project("{FAE04EC0-301F-11D3-BF4B-00C04F79EFBC}") = "BIEM_CAP", "..\BIEM_CAP\BIEM_CAP.csproj", "{E6124195-9034-403B-AD5E-B6F9A208CBFB}"
EndProject
Global
	GlobalSection(SolutionConfigurationPlatforms) = preSolution
		Debug|Any CPU = Debug|Any CPU
		Release|Any CPU = Release|Any CPU
	EndGlobalSection
	GlobalSection(ProjectConfigurationPlatforms) = postSolution
		{C6F4B800-7113-42EF-B417-7CAC814508E7}.Debug|Any CPU.ActiveCfg = Debug|Any CPU
		{C6F4B800-7113-42EF-B417-7CAC814508E7}.Debug|Any CPU.Build.0 = Debug|Any CPU
		{C6F4B800-7113-42EF-B417-7CAC814508E7}.Release|Any CPU.ActiveCfg = Release|Any CPU
		{C6F4B800-7113-42EF-B417-7CAC814508E7}.Release|Any CPU.Build.0 = Release|Any CPU
		{8880C08F-3EC8-4644-8C37-C64B8E0DD68D}.Debug|Any CPU.ActiveCfg = Debug|Any CPU
		{8880C08F-3EC8-4644-8C37-C64B8E0DD68D}.Debug|Any CPU.Build.0 = Debug|Any CPU
		{8880C08F-3EC8-4644-8C37-C64B8E0DD68D}.Release|Any CPU.ActiveCfg = Release|Any CPU
		{8880C08F-3EC8-4644-8C37-C64B8E0DD68D}.Release|Any CPU.Build.0 = Release|Any CPU
		{E6124195-9034-403B-AD5E-B6F9A208CBFB}.Debug|Any CPU.ActiveCfg = Debug|Any CPU
		{E6124195-9034-403B-AD5E-B6F9A208CBFB}.Debug|Any CPU.Build.0 = Debug|Any CPU
		{E6124195-9034-403B-AD5E-B6F9A208CBFB}.Release|Any CPU.ActiveCfg = Release|Any CPU
		{E6124195-9034-403B-AD5E-B6F9A208CBFB}.Release|Any CPU.Build.0 = Release|Any CPU
	EndGlobalSection
	GlobalSection(SolutionProperties) = preSolution
		HideSolutionNode = FALSE
	EndGlobalSection
	GlobalSection(ExtensibilityGlobals) = postSolution
		SolutionGuid = {B9F10130-AEF1-43F8-B6EE-05CFFAC85CF5}
	EndGlobalSection
EndGlobal
